# THIS IS AN AUTOGENERATED FILE. DO NOT EDIT THIS FILE DIRECTLY.
# yarn lockfile v1


"@playwright/test@^1.31.2":
  version "1.31.2"
  resolved "https://artifactory.int.liveperson.net:443/artifactory/api/npm/lp-npm-virtual/@playwright/test/-/test-1.31.2.tgz#426d8545143a97a6fed250a2a27aa1c8e5e2548e"
  integrity sha1-Qm2FRRQ6l6b+0lCionqhyOXiVI4=
  dependencies:
    "@types/node" "*"
    playwright-core "1.31.2"
  optionalDependencies:
    fsevents "2.3.2"

"@types/node@*":
  version "18.15.3"
  resolved "https://artifactory.int.liveperson.net:443/artifactory/api/npm/lp-npm-virtual/@types/node/-/node-18.15.3.tgz#f0b991c32cfc6a4e7f3399d6cb4b8cf9a0315014"
  integrity sha1-8LmRwyz8ak5/M5nWy0uM+aAxUBQ=

fsevents@2.3.2:
  version "2.3.2"
  resolved "https://artifactory.int.liveperson.net:443/artifactory/api/npm/lp-npm-virtual/fsevents/-/fsevents-2.3.2.tgz#8a526f78b8fdf4623b709e0b975c52c24c02fd1a"
  integrity sha1-ilJveLj99GI7cJ4Ll1xSwkwC/Ro=

playwright-core@1.31.2:
  version "1.31.2"
  resolved "https://artifactory.int.liveperson.net:443/artifactory/api/npm/lp-npm-virtual/playwright-core/-/playwright-core-1.31.2.tgz#debf4b215d14cb619adb7e511c164d068075b2ed"
  integrity sha1-3r9LIV0Uy2Ga235RHBZNBoB1su0=
